
Microsoft Visual Studio Solution File, Format Version 12.00
# Visual Studio Version 17
VisualStudioVersion = 17.0.31903.59
MinimumVisualStudioVersion = 10.0.40219.1
Project("{2150E333-8FDC-42A3-9474-1A3956D46DE8}") = "aspire", "aspire", "{02EA681E-C7D8-13C7-8484-4AC65E1B71E8}"
EndProject
Project("{2150E333-8FDC-42A3-9474-1A3956D46DE8}") = "src", "src", "{7215DE06-CBCD-433A-992C-DC5CAD80CC63}"
EndProject
Project("{2150E333-8FDC-42A3-9474-1A3956D46DE8}") = "test", "test", "{2E32854B-4B6C-41AD-A3D8-E68BB9073162}"
EndProject
Project("{FAE04EC0-301F-11D3-BF4B-00C04F79EFBC}") = "ProPulse.AppHost", "src\ProPulse.AppHost\ProPulse.AppHost.csproj", "{A6A8E738-5A08-CEAA-D6DE-194D73D953D8}"
EndProject
Project("{FAE04EC0-301F-11D3-BF4B-00C04F79EFBC}") = "ProPulse.ServiceDefaults", "src\ProPulse.ServiceDefaults\ProPulse.ServiceDefaults.csproj", "{AE52DAE6-F670-6A88-842C-3028CF8CCAE7}"
EndProject
Project("{FAE04EC0-301F-11D3-BF4B-00C04F79EFBC}") = "ProPulse.Common", "src\ProPulse.Common\ProPulse.Common.csproj", "{377482D5-49F7-E22F-20D7-1128BCE7CD11}"
EndProject
Project("{FAE04EC0-301F-11D3-BF4B-00C04F79EFBC}") = "ProPulse.Core", "src\ProPulse.Core\ProPulse.Core.csproj", "{409FD473-89AD-ED4E-8EF3-54F915AF2B65}"
EndProject
Project("{FAE04EC0-301F-11D3-BF4B-00C04F79EFBC}") = "ProPulse.Data", "src\ProPulse.Data\ProPulse.Data.csproj", "{434E3C7E-4CB0-06E7-C057-2940DA6FA9E8}"
EndProject
Project("{FAE04EC0-301F-11D3-BF4B-00C04F79EFBC}") = "ProPulse.Web", "src\ProPulse.Web\ProPulse.Web.csproj", "{E7CE431E-9814-48CA-A153-56C00FD33605}"
EndProject
Project("{FAE04EC0-301F-11D3-BF4B-00C04F79EFBC}") = "ProPulse.Core.Tests", "test\ProPulse.Core.Tests\ProPulse.Core.Tests.csproj", "{ADA79100-8B2D-C05D-61D5-6EA296EB32CC}"
EndProject
Project("{FAE04EC0-301F-11D3-BF4B-00C04F79EFBC}") = "ProPulse.Data.Tests", "test\ProPulse.Data.Tests\ProPulse.Data.Tests.csproj", "{DEBE6F74-9313-3B8C-BD8D-2CCE8CF93EE4}"
EndProject
Project("{FAE04EC0-301F-11D3-BF4B-00C04F79EFBC}") = "ProPulse.Web.Tests", "test\ProPulse.Web.Tests\ProPulse.Web.Tests.csproj", "{787AE25E-6115-EF29-8B36-835066F8F34C}"
EndProject
Global
	GlobalSection(SolutionConfigurationPlatforms) = preSolution
		Debug|Any CPU = Debug|Any CPU
		Release|Any CPU = Release|Any CPU
	EndGlobalSection
	GlobalSection(ProjectConfigurationPlatforms) = postSolution
		{A6A8E738-5A08-CEAA-D6DE-194D73D953D8}.Debug|Any CPU.ActiveCfg = Debug|Any CPU
		{A6A8E738-5A08-CEAA-D6DE-194D73D953D8}.Debug|Any CPU.Build.0 = Debug|Any CPU
		{A6A8E738-5A08-CEAA-D6DE-194D73D953D8}.Release|Any CPU.ActiveCfg = Release|Any CPU
		{A6A8E738-5A08-CEAA-D6DE-194D73D953D8}.Release|Any CPU.Build.0 = Release|Any CPU
		{AE52DAE6-F670-6A88-842C-3028CF8CCAE7}.Debug|Any CPU.ActiveCfg = Debug|Any CPU
		{AE52DAE6-F670-6A88-842C-3028CF8CCAE7}.Debug|Any CPU.Build.0 = Debug|Any CPU
		{AE52DAE6-F670-6A88-842C-3028CF8CCAE7}.Release|Any CPU.ActiveCfg = Release|Any CPU
		{AE52DAE6-F670-6A88-842C-3028CF8CCAE7}.Release|Any CPU.Build.0 = Release|Any CPU
		{377482D5-49F7-E22F-20D7-1128BCE7CD11}.Debug|Any CPU.ActiveCfg = Debug|Any CPU
		{377482D5-49F7-E22F-20D7-1128BCE7CD11}.Debug|Any CPU.Build.0 = Debug|Any CPU
		{377482D5-49F7-E22F-20D7-1128BCE7CD11}.Release|Any CPU.ActiveCfg = Release|Any CPU
		{377482D5-49F7-E22F-20D7-1128BCE7CD11}.Release|Any CPU.Build.0 = Release|Any CPU
		{409FD473-89AD-ED4E-8EF3-54F915AF2B65}.Debug|Any CPU.ActiveCfg = Debug|Any CPU
		{409FD473-89AD-ED4E-8EF3-54F915AF2B65}.Debug|Any CPU.Build.0 = Debug|Any CPU
		{409FD473-89AD-ED4E-8EF3-54F915AF2B65}.Release|Any CPU.ActiveCfg = Release|Any CPU
		{409FD473-89AD-ED4E-8EF3-54F915AF2B65}.Release|Any CPU.Build.0 = Release|Any CPU
		{434E3C7E-4CB0-06E7-C057-2940DA6FA9E8}.Debug|Any CPU.ActiveCfg = Debug|Any CPU
		{434E3C7E-4CB0-06E7-C057-2940DA6FA9E8}.Debug|Any CPU.Build.0 = Debug|Any CPU
		{434E3C7E-4CB0-06E7-C057-2940DA6FA9E8}.Release|Any CPU.ActiveCfg = Release|Any CPU
		{434E3C7E-4CB0-06E7-C057-2940DA6FA9E8}.Release|Any CPU.Build.0 = Release|Any CPU
		{E7CE431E-9814-48CA-A153-56C00FD33605}.Debug|Any CPU.ActiveCfg = Debug|Any CPU
		{E7CE431E-9814-48CA-A153-56C00FD33605}.Debug|Any CPU.Build.0 = Debug|Any CPU
		{E7CE431E-9814-48CA-A153-56C00FD33605}.Release|Any CPU.ActiveCfg = Release|Any CPU
		{E7CE431E-9814-48CA-A153-56C00FD33605}.Release|Any CPU.Build.0 = Release|Any CPU
		{ADA79100-8B2D-C05D-61D5-6EA296EB32CC}.Debug|Any CPU.ActiveCfg = Debug|Any CPU
		{ADA79100-8B2D-C05D-61D5-6EA296EB32CC}.Debug|Any CPU.Build.0 = Debug|Any CPU
		{ADA79100-8B2D-C05D-61D5-6EA296EB32CC}.Release|Any CPU.ActiveCfg = Release|Any CPU
		{ADA79100-8B2D-C05D-61D5-6EA296EB32CC}.Release|Any CPU.Build.0 = Release|Any CPU
		{DEBE6F74-9313-3B8C-BD8D-2CCE8CF93EE4}.Debug|Any CPU.ActiveCfg = Debug|Any CPU
		{DEBE6F74-9313-3B8C-BD8D-2CCE8CF93EE4}.Debug|Any CPU.Build.0 = Debug|Any CPU
		{DEBE6F74-9313-3B8C-BD8D-2CCE8CF93EE4}.Release|Any CPU.ActiveCfg = Release|Any CPU
		{DEBE6F74-9313-3B8C-BD8D-2CCE8CF93EE4}.Release|Any CPU.Build.0 = Release|Any CPU
		{787AE25E-6115-EF29-8B36-835066F8F34C}.Debug|Any CPU.ActiveCfg = Debug|Any CPU
		{787AE25E-6115-EF29-8B36-835066F8F34C}.Debug|Any CPU.Build.0 = Debug|Any CPU
		{787AE25E-6115-EF29-8B36-835066F8F34C}.Release|Any CPU.ActiveCfg = Release|Any CPU
		{787AE25E-6115-EF29-8B36-835066F8F34C}.Release|Any CPU.Build.0 = Release|Any CPU
	EndGlobalSection
	GlobalSection(SolutionProperties) = preSolution
		HideSolutionNode = FALSE
	EndGlobalSection
	GlobalSection(NestedProjects) = preSolution
		{A6A8E738-5A08-CEAA-D6DE-194D73D953D8} = {02EA681E-C7D8-13C7-8484-4AC65E1B71E8}
		{AE52DAE6-F670-6A88-842C-3028CF8CCAE7} = {02EA681E-C7D8-13C7-8484-4AC65E1B71E8}
		{377482D5-49F7-E22F-20D7-1128BCE7CD11} = {7215DE06-CBCD-433A-992C-DC5CAD80CC63}
		{409FD473-89AD-ED4E-8EF3-54F915AF2B65} = {7215DE06-CBCD-433A-992C-DC5CAD80CC63}
		{434E3C7E-4CB0-06E7-C057-2940DA6FA9E8} = {7215DE06-CBCD-433A-992C-DC5CAD80CC63}
		{E7CE431E-9814-48CA-A153-56C00FD33605} = {7215DE06-CBCD-433A-992C-DC5CAD80CC63}
		{ADA79100-8B2D-C05D-61D5-6EA296EB32CC} = {2E32854B-4B6C-41AD-A3D8-E68BB9073162}
		{DEBE6F74-9313-3B8C-BD8D-2CCE8CF93EE4} = {2E32854B-4B6C-41AD-A3D8-E68BB9073162}
		{787AE25E-6115-EF29-8B36-835066F8F34C} = {2E32854B-4B6C-41AD-A3D8-E68BB9073162}
	EndGlobalSection
EndGlobal
