
Microsoft Visual Studio Solution File, Format Version 12.00
# Visual Studio Version 17
VisualStudioVersion = 17.0.31903.59
MinimumVisualStudioVersion = 10.0.40219.1
Project("{2150E333-8FDC-42A3-9474-1A3956D46DE8}") = "src", "src", "{827E0CD3-B72D-47B6-A68D-7590B98EB39B}"
EndProject
Project("{FAE04EC0-301F-11D3-BF4B-00C04F79EFBC}") = "ProPulse.Domain", "src\ProPulse.Domain\ProPulse.Domain.csproj", "{E98C6102-0145-3C98-AA6B-DD3C08E9DD1A}"
EndProject
Project("{FAE04EC0-301F-11D3-BF4B-00C04F79EFBC}") = "ProPulse.Application", "src\ProPulse.Application\ProPulse.Application.csproj", "{D60C9F0D-16BF-2321-63AE-764DAAE68BAD}"
EndProject
Project("{FAE04EC0-301F-11D3-BF4B-00C04F79EFBC}") = "ProPulse.Infrastructure", "src\ProPulse.Infrastructure\ProPulse.Infrastructure.csproj", "{83CFD0EC-0897-9C97-A121-E96477F3808D}"
EndProject
Project("{FAE04EC0-301F-11D3-BF4B-00C04F79EFBC}") = "ProPulse.Web", "src\ProPulse.Web\ProPulse.Web.csproj", "{E7CE431E-9814-48CA-A153-56C00FD33605}"
EndProject
Project("{FAE04EC0-301F-11D3-BF4B-00C04F79EFBC}") = "ProPulse.Api", "src\ProPulse.Api\ProPulse.Api.csproj", "{8AAD448A-9E50-E01C-0D5D-62BCC5FBAB32}"
EndProject
Project("{FAE04EC0-301F-11D3-BF4B-00C04F79EFBC}") = "ProPulse.AppHost", "src\ProPulse.AppHost\ProPulse.AppHost.csproj", "{A6A8E738-5A08-CEAA-D6DE-194D73D953D8}"
EndProject
Project("{FAE04EC0-301F-11D3-BF4B-00C04F79EFBC}") = "ProPulse.ServiceDefaults", "src\ProPulse.ServiceDefaults\ProPulse.ServiceDefaults.csproj", "{AE52DAE6-F670-6A88-842C-3028CF8CCAE7}"
EndProject
Project("{FAE04EC0-301F-11D3-BF4B-00C04F79EFBC}") = "ProPulse.Database", "src\ProPulse.Database\ProPulse.Database.csproj", "{DEFDCC1A-21A8-497E-B490-1225A21D436D}"
EndProject
Project("{2150E333-8FDC-42A3-9474-1A3956D46DE8}") = "test", "test", "{0C88DD14-F956-CE84-757C-A364CCF449FC}"
EndProject
Project("{FAE04EC0-301F-11D3-BF4B-00C04F79EFBC}") = "ProPulse.Domain.Tests", "test\ProPulse.Domain.Tests\ProPulse.Domain.Tests.csproj", "{A06AEF27-104B-45EB-9701-567373F88B4B}"
EndProject
Global
	GlobalSection(SolutionConfigurationPlatforms) = preSolution
		Debug|Any CPU = Debug|Any CPU
		Debug|x64 = Debug|x64
		Debug|x86 = Debug|x86
		Release|Any CPU = Release|Any CPU
		Release|x64 = Release|x64
		Release|x86 = Release|x86
	EndGlobalSection
	GlobalSection(ProjectConfigurationPlatforms) = postSolution
		{E98C6102-0145-3C98-AA6B-DD3C08E9DD1A}.Debug|Any CPU.ActiveCfg = Debug|Any CPU
		{E98C6102-0145-3C98-AA6B-DD3C08E9DD1A}.Debug|Any CPU.Build.0 = Debug|Any CPU
		{E98C6102-0145-3C98-AA6B-DD3C08E9DD1A}.Debug|x64.ActiveCfg = Debug|Any CPU
		{E98C6102-0145-3C98-AA6B-DD3C08E9DD1A}.Debug|x64.Build.0 = Debug|Any CPU
		{E98C6102-0145-3C98-AA6B-DD3C08E9DD1A}.Debug|x86.ActiveCfg = Debug|Any CPU
		{E98C6102-0145-3C98-AA6B-DD3C08E9DD1A}.Debug|x86.Build.0 = Debug|Any CPU
		{E98C6102-0145-3C98-AA6B-DD3C08E9DD1A}.Release|Any CPU.ActiveCfg = Release|Any CPU
		{E98C6102-0145-3C98-AA6B-DD3C08E9DD1A}.Release|Any CPU.Build.0 = Release|Any CPU
		{E98C6102-0145-3C98-AA6B-DD3C08E9DD1A}.Release|x64.ActiveCfg = Release|Any CPU
		{E98C6102-0145-3C98-AA6B-DD3C08E9DD1A}.Release|x64.Build.0 = Release|Any CPU
		{E98C6102-0145-3C98-AA6B-DD3C08E9DD1A}.Release|x86.ActiveCfg = Release|Any CPU
		{E98C6102-0145-3C98-AA6B-DD3C08E9DD1A}.Release|x86.Build.0 = Release|Any CPU
		{D60C9F0D-16BF-2321-63AE-764DAAE68BAD}.Debug|Any CPU.ActiveCfg = Debug|Any CPU
		{D60C9F0D-16BF-2321-63AE-764DAAE68BAD}.Debug|Any CPU.Build.0 = Debug|Any CPU
		{D60C9F0D-16BF-2321-63AE-764DAAE68BAD}.Debug|x64.ActiveCfg = Debug|Any CPU
		{D60C9F0D-16BF-2321-63AE-764DAAE68BAD}.Debug|x64.Build.0 = Debug|Any CPU
		{D60C9F0D-16BF-2321-63AE-764DAAE68BAD}.Debug|x86.ActiveCfg = Debug|Any CPU
		{D60C9F0D-16BF-2321-63AE-764DAAE68BAD}.Debug|x86.Build.0 = Debug|Any CPU
		{D60C9F0D-16BF-2321-63AE-764DAAE68BAD}.Release|Any CPU.ActiveCfg = Release|Any CPU
		{D60C9F0D-16BF-2321-63AE-764DAAE68BAD}.Release|Any CPU.Build.0 = Release|Any CPU
		{D60C9F0D-16BF-2321-63AE-764DAAE68BAD}.Release|x64.ActiveCfg = Release|Any CPU
		{D60C9F0D-16BF-2321-63AE-764DAAE68BAD}.Release|x64.Build.0 = Release|Any CPU
		{D60C9F0D-16BF-2321-63AE-764DAAE68BAD}.Release|x86.ActiveCfg = Release|Any CPU
		{D60C9F0D-16BF-2321-63AE-764DAAE68BAD}.Release|x86.Build.0 = Release|Any CPU
		{83CFD0EC-0897-9C97-A121-E96477F3808D}.Debug|Any CPU.ActiveCfg = Debug|Any CPU
		{83CFD0EC-0897-9C97-A121-E96477F3808D}.Debug|Any CPU.Build.0 = Debug|Any CPU
		{83CFD0EC-0897-9C97-A121-E96477F3808D}.Debug|x64.ActiveCfg = Debug|Any CPU
		{83CFD0EC-0897-9C97-A121-E96477F3808D}.Debug|x64.Build.0 = Debug|Any CPU
		{83CFD0EC-0897-9C97-A121-E96477F3808D}.Debug|x86.ActiveCfg = Debug|Any CPU
		{83CFD0EC-0897-9C97-A121-E96477F3808D}.Debug|x86.Build.0 = Debug|Any CPU
		{83CFD0EC-0897-9C97-A121-E96477F3808D}.Release|Any CPU.ActiveCfg = Release|Any CPU
		{83CFD0EC-0897-9C97-A121-E96477F3808D}.Release|Any CPU.Build.0 = Release|Any CPU
		{83CFD0EC-0897-9C97-A121-E96477F3808D}.Release|x64.ActiveCfg = Release|Any CPU
		{83CFD0EC-0897-9C97-A121-E96477F3808D}.Release|x64.Build.0 = Release|Any CPU
		{83CFD0EC-0897-9C97-A121-E96477F3808D}.Release|x86.ActiveCfg = Release|Any CPU
		{83CFD0EC-0897-9C97-A121-E96477F3808D}.Release|x86.Build.0 = Release|Any CPU
		{E7CE431E-9814-48CA-A153-56C00FD33605}.Debug|Any CPU.ActiveCfg = Debug|Any CPU
		{E7CE431E-9814-48CA-A153-56C00FD33605}.Debug|Any CPU.Build.0 = Debug|Any CPU
		{E7CE431E-9814-48CA-A153-56C00FD33605}.Debug|x64.ActiveCfg = Debug|Any CPU
		{E7CE431E-9814-48CA-A153-56C00FD33605}.Debug|x64.Build.0 = Debug|Any CPU
		{E7CE431E-9814-48CA-A153-56C00FD33605}.Debug|x86.ActiveCfg = Debug|Any CPU
		{E7CE431E-9814-48CA-A153-56C00FD33605}.Debug|x86.Build.0 = Debug|Any CPU
		{E7CE431E-9814-48CA-A153-56C00FD33605}.Release|Any CPU.ActiveCfg = Release|Any CPU
		{E7CE431E-9814-48CA-A153-56C00FD33605}.Release|Any CPU.Build.0 = Release|Any CPU
		{E7CE431E-9814-48CA-A153-56C00FD33605}.Release|x64.ActiveCfg = Release|Any CPU
		{E7CE431E-9814-48CA-A153-56C00FD33605}.Release|x64.Build.0 = Release|Any CPU
		{E7CE431E-9814-48CA-A153-56C00FD33605}.Release|x86.ActiveCfg = Release|Any CPU
		{E7CE431E-9814-48CA-A153-56C00FD33605}.Release|x86.Build.0 = Release|Any CPU
		{8AAD448A-9E50-E01C-0D5D-62BCC5FBAB32}.Debug|Any CPU.ActiveCfg = Debug|Any CPU
		{8AAD448A-9E50-E01C-0D5D-62BCC5FBAB32}.Debug|Any CPU.Build.0 = Debug|Any CPU
		{8AAD448A-9E50-E01C-0D5D-62BCC5FBAB32}.Debug|x64.ActiveCfg = Debug|Any CPU
		{8AAD448A-9E50-E01C-0D5D-62BCC5FBAB32}.Debug|x64.Build.0 = Debug|Any CPU
		{8AAD448A-9E50-E01C-0D5D-62BCC5FBAB32}.Debug|x86.ActiveCfg = Debug|Any CPU
		{8AAD448A-9E50-E01C-0D5D-62BCC5FBAB32}.Debug|x86.Build.0 = Debug|Any CPU
		{8AAD448A-9E50-E01C-0D5D-62BCC5FBAB32}.Release|Any CPU.ActiveCfg = Release|Any CPU
		{8AAD448A-9E50-E01C-0D5D-62BCC5FBAB32}.Release|Any CPU.Build.0 = Release|Any CPU
		{8AAD448A-9E50-E01C-0D5D-62BCC5FBAB32}.Release|x64.ActiveCfg = Release|Any CPU
		{8AAD448A-9E50-E01C-0D5D-62BCC5FBAB32}.Release|x64.Build.0 = Release|Any CPU
		{8AAD448A-9E50-E01C-0D5D-62BCC5FBAB32}.Release|x86.ActiveCfg = Release|Any CPU
		{8AAD448A-9E50-E01C-0D5D-62BCC5FBAB32}.Release|x86.Build.0 = Release|Any CPU
		{A6A8E738-5A08-CEAA-D6DE-194D73D953D8}.Debug|Any CPU.ActiveCfg = Debug|Any CPU
		{A6A8E738-5A08-CEAA-D6DE-194D73D953D8}.Debug|Any CPU.Build.0 = Debug|Any CPU
		{A6A8E738-5A08-CEAA-D6DE-194D73D953D8}.Debug|x64.ActiveCfg = Debug|Any CPU
		{A6A8E738-5A08-CEAA-D6DE-194D73D953D8}.Debug|x64.Build.0 = Debug|Any CPU
		{A6A8E738-5A08-CEAA-D6DE-194D73D953D8}.Debug|x86.ActiveCfg = Debug|Any CPU
		{A6A8E738-5A08-CEAA-D6DE-194D73D953D8}.Debug|x86.Build.0 = Debug|Any CPU
		{A6A8E738-5A08-CEAA-D6DE-194D73D953D8}.Release|Any CPU.ActiveCfg = Release|Any CPU
		{A6A8E738-5A08-CEAA-D6DE-194D73D953D8}.Release|Any CPU.Build.0 = Release|Any CPU
		{A6A8E738-5A08-CEAA-D6DE-194D73D953D8}.Release|x64.ActiveCfg = Release|Any CPU
		{A6A8E738-5A08-CEAA-D6DE-194D73D953D8}.Release|x64.Build.0 = Release|Any CPU
		{A6A8E738-5A08-CEAA-D6DE-194D73D953D8}.Release|x86.ActiveCfg = Release|Any CPU
		{A6A8E738-5A08-CEAA-D6DE-194D73D953D8}.Release|x86.Build.0 = Release|Any CPU
		{AE52DAE6-F670-6A88-842C-3028CF8CCAE7}.Debug|Any CPU.ActiveCfg = Debug|Any CPU
		{AE52DAE6-F670-6A88-842C-3028CF8CCAE7}.Debug|Any CPU.Build.0 = Debug|Any CPU
		{AE52DAE6-F670-6A88-842C-3028CF8CCAE7}.Debug|x64.ActiveCfg = Debug|Any CPU
		{AE52DAE6-F670-6A88-842C-3028CF8CCAE7}.Debug|x64.Build.0 = Debug|Any CPU
		{AE52DAE6-F670-6A88-842C-3028CF8CCAE7}.Debug|x86.ActiveCfg = Debug|Any CPU
		{AE52DAE6-F670-6A88-842C-3028CF8CCAE7}.Debug|x86.Build.0 = Debug|Any CPU
		{AE52DAE6-F670-6A88-842C-3028CF8CCAE7}.Release|Any CPU.ActiveCfg = Release|Any CPU
		{AE52DAE6-F670-6A88-842C-3028CF8CCAE7}.Release|Any CPU.Build.0 = Release|Any CPU
		{AE52DAE6-F670-6A88-842C-3028CF8CCAE7}.Release|x64.ActiveCfg = Release|Any CPU
		{AE52DAE6-F670-6A88-842C-3028CF8CCAE7}.Release|x64.Build.0 = Release|Any CPU
		{AE52DAE6-F670-6A88-842C-3028CF8CCAE7}.Release|x86.ActiveCfg = Release|Any CPU
		{AE52DAE6-F670-6A88-842C-3028CF8CCAE7}.Release|x86.Build.0 = Release|Any CPU
		{DEFDCC1A-21A8-497E-B490-1225A21D436D}.Debug|Any CPU.ActiveCfg = Debug|Any CPU
		{DEFDCC1A-21A8-497E-B490-1225A21D436D}.Debug|Any CPU.Build.0 = Debug|Any CPU
		{DEFDCC1A-21A8-497E-B490-1225A21D436D}.Debug|x64.ActiveCfg = Debug|Any CPU
		{DEFDCC1A-21A8-497E-B490-1225A21D436D}.Debug|x64.Build.0 = Debug|Any CPU
		{DEFDCC1A-21A8-497E-B490-1225A21D436D}.Debug|x86.ActiveCfg = Debug|Any CPU
		{DEFDCC1A-21A8-497E-B490-1225A21D436D}.Debug|x86.Build.0 = Debug|Any CPU
		{DEFDCC1A-21A8-497E-B490-1225A21D436D}.Release|Any CPU.ActiveCfg = Release|Any CPU
		{DEFDCC1A-21A8-497E-B490-1225A21D436D}.Release|Any CPU.Build.0 = Release|Any CPU
		{DEFDCC1A-21A8-497E-B490-1225A21D436D}.Release|x64.ActiveCfg = Release|Any CPU
		{DEFDCC1A-21A8-497E-B490-1225A21D436D}.Release|x64.Build.0 = Release|Any CPU
		{DEFDCC1A-21A8-497E-B490-1225A21D436D}.Release|x86.ActiveCfg = Release|Any CPU
		{DEFDCC1A-21A8-497E-B490-1225A21D436D}.Release|x86.Build.0 = Release|Any CPU
		{A06AEF27-104B-45EB-9701-567373F88B4B}.Debug|Any CPU.ActiveCfg = Debug|Any CPU
		{A06AEF27-104B-45EB-9701-567373F88B4B}.Debug|Any CPU.Build.0 = Debug|Any CPU
		{A06AEF27-104B-45EB-9701-567373F88B4B}.Debug|x64.ActiveCfg = Debug|Any CPU
		{A06AEF27-104B-45EB-9701-567373F88B4B}.Debug|x64.Build.0 = Debug|Any CPU
		{A06AEF27-104B-45EB-9701-567373F88B4B}.Debug|x86.ActiveCfg = Debug|Any CPU
		{A06AEF27-104B-45EB-9701-567373F88B4B}.Debug|x86.Build.0 = Debug|Any CPU
		{A06AEF27-104B-45EB-9701-567373F88B4B}.Release|Any CPU.ActiveCfg = Release|Any CPU
		{A06AEF27-104B-45EB-9701-567373F88B4B}.Release|Any CPU.Build.0 = Release|Any CPU
		{A06AEF27-104B-45EB-9701-567373F88B4B}.Release|x64.ActiveCfg = Release|Any CPU
		{A06AEF27-104B-45EB-9701-567373F88B4B}.Release|x64.Build.0 = Release|Any CPU
		{A06AEF27-104B-45EB-9701-567373F88B4B}.Release|x86.ActiveCfg = Release|Any CPU
		{A06AEF27-104B-45EB-9701-567373F88B4B}.Release|x86.Build.0 = Release|Any CPU
	EndGlobalSection
	GlobalSection(SolutionProperties) = preSolution
		HideSolutionNode = FALSE
	EndGlobalSection
	GlobalSection(NestedProjects) = preSolution
		{E98C6102-0145-3C98-AA6B-DD3C08E9DD1A} = {827E0CD3-B72D-47B6-A68D-7590B98EB39B}
		{D60C9F0D-16BF-2321-63AE-764DAAE68BAD} = {827E0CD3-B72D-47B6-A68D-7590B98EB39B}
		{83CFD0EC-0897-9C97-A121-E96477F3808D} = {827E0CD3-B72D-47B6-A68D-7590B98EB39B}
		{E7CE431E-9814-48CA-A153-56C00FD33605} = {827E0CD3-B72D-47B6-A68D-7590B98EB39B}
		{8AAD448A-9E50-E01C-0D5D-62BCC5FBAB32} = {827E0CD3-B72D-47B6-A68D-7590B98EB39B}
		{A6A8E738-5A08-CEAA-D6DE-194D73D953D8} = {827E0CD3-B72D-47B6-A68D-7590B98EB39B}
		{AE52DAE6-F670-6A88-842C-3028CF8CCAE7} = {827E0CD3-B72D-47B6-A68D-7590B98EB39B}
		{DEFDCC1A-21A8-497E-B490-1225A21D436D} = {827E0CD3-B72D-47B6-A68D-7590B98EB39B}
		{A06AEF27-104B-45EB-9701-567373F88B4B} = {0C88DD14-F956-CE84-757C-A364CCF449FC}
	EndGlobalSection
EndGlobal
